
Microsoft Visual Studio Solution File, Format Version 12.00
# Visual Studio Version 17
VisualStudioVersion = 17.14.37012.4 d17.14
MinimumVisualStudioVersion = 10.0.40219.1
Project("{FAE04EC0-301F-11D3-BF4B-00C04F79EFBC}") = "OnlineBanking_Act1", "OnlineBanking_Act1.csproj", "{35C09EBA-B6E0-4CFE-9524-D28B3EBC0B52}"
EndProject
Global
	GlobalSection(SolutionConfigurationPlatforms) = preSolution
		Debug|Any CPU = Debug|Any CPU
		Release|Any CPU = Release|Any CPU
	EndGlobalSection
	GlobalSection(ProjectConfigurationPlatforms) = postSolution
		{35C09EBA-B6E0-4CFE-9524-D28B3EBC0B52}.Debug|Any CPU.ActiveCfg = Debug|Any CPU
		{35C09EBA-B6E0-4CFE-9524-D28B3EBC0B52}.Debug|Any CPU.Build.0 = Debug|Any CPU
		{35C09EBA-B6E0-4CFE-9524-D28B3EBC0B52}.Release|Any CPU.ActiveCfg = Release|Any CPU
		{35C09EBA-B6E0-4CFE-9524-D28B3EBC0B52}.Release|Any CPU.Build.0 = Release|Any CPU
	EndGlobalSection
	GlobalSection(SolutionProperties) = preSolution
		HideSolutionNode = FALSE
	EndGlobalSection
	GlobalSection(ExtensibilityGlobals) = postSolution
		SolutionGuid = {925427E0-2C89-4E7F-8C60-E880BD76EE24}
	EndGlobalSection
EndGlobal
